
Microsoft Visual Studio Solution File, Format Version 12.00
# Visual Studio Version 16
VisualStudioVersion = 16.0.30503.244
MinimumVisualStudioVersion = 10.0.40219.1
Project("{FAE04EC0-301F-11D3-BF4B-00C04F79EFBC}") = "PesquisaCEP.Android", "PesquisaCEP\PesquisaCEP.Android\PesquisaCEP.Android.csproj", "{C5BFA3D4-CEFA-46B0-B21A-04503CDB3FF5}"
EndProject
Project("{9A19103F-16F7-4668-BE54-9A1E7A4F7556}") = "PesquisaCEP", "PesquisaCEP\PesquisaCEP\PesquisaCEP.csproj", "{4FEB2D07-D94D-4D28-BD8E-35CFAB91AF22}"
EndProject
Project("{9A19103F-16F7-4668-BE54-9A1E7A4F7556}") = "Data", "Data\Data.csproj", "{52B6C23E-9066-40BF-9E7A-E2C50586DD9A}"
EndProject
Project("{FAE04EC0-301F-11D3-BF4B-00C04F79EFBC}") = "ViaCEP", "ViaCEP\ViaCEP.csproj", "{368AE6D9-1334-4A9E-81CE-0170D070E3E7}"
EndProject
Global
	GlobalSection(SolutionConfigurationPlatforms) = preSolution
		Debug|Any CPU = Debug|Any CPU
		Release|Any CPU = Release|Any CPU
	EndGlobalSection
	GlobalSection(ProjectConfigurationPlatforms) = postSolution
		{C5BFA3D4-CEFA-46B0-B21A-04503CDB3FF5}.Debug|Any CPU.ActiveCfg = Debug|Any CPU
		{C5BFA3D4-CEFA-46B0-B21A-04503CDB3FF5}.Debug|Any CPU.Build.0 = Debug|Any CPU
		{C5BFA3D4-CEFA-46B0-B21A-04503CDB3FF5}.Debug|Any CPU.Deploy.0 = Debug|Any CPU
		{C5BFA3D4-CEFA-46B0-B21A-04503CDB3FF5}.Release|Any CPU.ActiveCfg = Release|Any CPU
		{C5BFA3D4-CEFA-46B0-B21A-04503CDB3FF5}.Release|Any CPU.Build.0 = Release|Any CPU
		{C5BFA3D4-CEFA-46B0-B21A-04503CDB3FF5}.Release|Any CPU.Deploy.0 = Release|Any CPU
		{4FEB2D07-D94D-4D28-BD8E-35CFAB91AF22}.Debug|Any CPU.ActiveCfg = Debug|Any CPU
		{4FEB2D07-D94D-4D28-BD8E-35CFAB91AF22}.Debug|Any CPU.Build.0 = Debug|Any CPU
		{4FEB2D07-D94D-4D28-BD8E-35CFAB91AF22}.Debug|Any CPU.Deploy.0 = Debug|Any CPU
		{4FEB2D07-D94D-4D28-BD8E-35CFAB91AF22}.Release|Any CPU.ActiveCfg = Release|Any CPU
		{4FEB2D07-D94D-4D28-BD8E-35CFAB91AF22}.Release|Any CPU.Build.0 = Release|Any CPU
		{4FEB2D07-D94D-4D28-BD8E-35CFAB91AF22}.Release|Any CPU.Deploy.0 = Release|Any CPU
		{52B6C23E-9066-40BF-9E7A-E2C50586DD9A}.Debug|Any CPU.ActiveCfg = Debug|Any CPU
		{52B6C23E-9066-40BF-9E7A-E2C50586DD9A}.Debug|Any CPU.Build.0 = Debug|Any CPU
		{52B6C23E-9066-40BF-9E7A-E2C50586DD9A}.Release|Any CPU.ActiveCfg = Release|Any CPU
		{52B6C23E-9066-40BF-9E7A-E2C50586DD9A}.Release|Any CPU.Build.0 = Release|Any CPU
		{368AE6D9-1334-4A9E-81CE-0170D070E3E7}.Debug|Any CPU.ActiveCfg = Debug|Any CPU
		{368AE6D9-1334-4A9E-81CE-0170D070E3E7}.Debug|Any CPU.Build.0 = Debug|Any CPU
		{368AE6D9-1334-4A9E-81CE-0170D070E3E7}.Release|Any CPU.ActiveCfg = Release|Any CPU
		{368AE6D9-1334-4A9E-81CE-0170D070E3E7}.Release|Any CPU.Build.0 = Release|Any CPU
	EndGlobalSection
	GlobalSection(SolutionProperties) = preSolution
		HideSolutionNode = FALSE
	EndGlobalSection
	GlobalSection(ExtensibilityGlobals) = postSolution
		SolutionGuid = {79F51F49-41D4-462B-9CFD-D463BA056CD5}
	EndGlobalSection
EndGlobal
